
Microsoft Visual Studio Solution File, Format Version 12.00
# Visual Studio Version 17
VisualStudioVersion = 17.8.34316.72
MinimumVisualStudioVersion = 10.0.40219.1
Project("{F184B08F-C81C-45F6-A57F-5ABD9991F28F}") = "Error Handling", "Error Handling.vbproj", "{591ECB59-8C23-4495-A451-42186BB727BF}"
EndProject
Global
	GlobalSection(SolutionConfigurationPlatforms) = preSolution
		Debug|Any CPU = Debug|Any CPU
		Release|Any CPU = Release|Any CPU
	EndGlobalSection
	GlobalSection(ProjectConfigurationPlatforms) = postSolution
		{591ECB59-8C23-4495-A451-42186BB727BF}.Debug|Any CPU.ActiveCfg = Debug|Any CPU
		{591ECB59-8C23-4495-A451-42186BB727BF}.Debug|Any CPU.Build.0 = Debug|Any CPU
		{591ECB59-8C23-4495-A451-42186BB727BF}.Release|Any CPU.ActiveCfg = Release|Any CPU
		{591ECB59-8C23-4495-A451-42186BB727BF}.Release|Any CPU.Build.0 = Release|Any CPU
	EndGlobalSection
	GlobalSection(SolutionProperties) = preSolution
		HideSolutionNode = FALSE
	EndGlobalSection
	GlobalSection(ExtensibilityGlobals) = postSolution
		SolutionGuid = {209FA051-1868-4A98-BBB7-358305709B78}
	EndGlobalSection
EndGlobal
